// !$*UTF8*$!
{
	archiveVersion = 1;
	classes = {
	};
	objectVersion = 46;
	objects = {

/* Begin PBXBuildFile section */
		9A5114A519488CF60022B732 /* Cocoa.framework in Frameworks */ = {isa = PBXBuildFile; fileRef = 9A5114A419488CF60022B732 /* Cocoa.framework */; };
		9A5114AF19488CF60022B732 /* InfoPlist.strings in Resources */ = {isa = PBXBuildFile; fileRef = 9A5114AD19488CF60022B732 /* InfoPlist.strings */; };
		9A5114B119488CF60022B732 /* main.m in Sources */ = {isa = PBXBuildFile; fileRef = 9A5114B019488CF60022B732 /* main.m */; };
		9A5114B519488CF60022B732 /* Credits.rtf in Resources */ = {isa = PBXBuildFile; fileRef = 9A5114B319488CF60022B732 /* Credits.rtf */; };
		9A5114B819488CF60022B732 /* HSAppDelegate.m in Sources */ = {isa = PBXBuildFile; fileRef = 9A5114B719488CF60022B732 /* HSAppDelegate.m */; };
		9A5114BB19488CF60022B732 /* MainMenu.xib in Resources */ = {isa = PBXBuildFile; fileRef = 9A5114B919488CF60022B732 /* MainMenu.xib */; };
		9A5114BD19488CF60022B732 /* Images.xcassets in Resources */ = {isa = PBXBuildFile; fileRef = 9A5114BC19488CF60022B732 /* Images.xcassets */; };
		9A5114C419488CF60022B732 /* XCTest.framework in Frameworks */ = {isa = PBXBuildFile; fileRef = 9A5114C319488CF60022B732 /* XCTest.framework */; };
		9A5114C519488CF60022B732 /* Cocoa.framework in Frameworks */ = {isa = PBXBuildFile; fileRef = 9A5114A419488CF60022B732 /* Cocoa.framework */; };
		9A5114CD19488CF60022B732 /* InfoPlist.strings in Resources */ = {isa = PBXBuildFile; fileRef = 9A5114CB19488CF60022B732 /* InfoPlist.strings */; };
		9A5114CF19488CF60022B732 /* OAuthTestTests.m in Sources */ = {isa = PBXBuildFile; fileRef = 9A5114CE19488CF60022B732 /* OAuthTestTests.m */; };
/* End PBXBuildFile section */

/* Begin PBXContainerItemProxy section */
		9A5114C619488CF60022B732 /* PBXContainerItemProxy */ = {
			isa = PBXContainerItemProxy;
			containerPortal = 9A51149919488CF60022B732 /* Project object */;
			proxyType = 1;
			remoteGlobalIDString = 9A5114A019488CF60022B732;
			remoteInfo = OAuthTest;
		};
/* End PBXContainerItemProxy section */

/* Begin PBXFileReference section */
		9A5114A119488CF60022B732 /* OAuthTest.app */ = {isa = PBXFileReference; explicitFileType = wrapper.application; includeInIndex = 0; path = OAuthTest.app; sourceTree = BUILT_PRODUCTS_DIR; };
		9A5114A419488CF60022B732 /* Cocoa.framework */ = {isa = PBXFileReference; lastKnownFileType = wrapper.framework; name = Cocoa.framework; path = System/Library/Frameworks/Cocoa.framework; sourceTree = SDKROOT; };
		9A5114A719488CF60022B732 /* AppKit.framework */ = {isa = PBXFileReference; lastKnownFileType = wrapper.framework; name = AppKit.framework; path = System/Library/Frameworks/AppKit.framework; sourceTree = SDKROOT; };
		9A5114A819488CF60022B732 /* CoreData.framework */ = {isa = PBXFileReference; lastKnownFileType = wrapper.framework; name = CoreData.framework; path = System/Library/Frameworks/CoreData.framework; sourceTree = SDKROOT; };
		9A5114A919488CF60022B732 /* Foundation.framework */ = {isa = PBXFileReference; lastKnownFileType = wrapper.framework; name = Foundation.framework; path = System/Library/Frameworks/Foundation.framework; sourceTree = SDKROOT; };
		9A5114AC19488CF60022B732 /* OAuthTest-Info.plist */ = {isa = PBXFileReference; lastKnownFileType = text.plist.xml; path = "OAuthTest-Info.plist"; sourceTree = "<group>"; };
		9A5114AE19488CF60022B732 /* en */ = {isa = PBXFileReference; lastKnownFileType = text.plist.strings; name = en; path = en.lproj/InfoPlist.strings; sourceTree = "<group>"; };
		9A5114B019488CF60022B732 /* main.m */ = {isa = PBXFileReference; lastKnownFileType = sourcecode.c.objc; path = main.m; sourceTree = "<group>"; };
		9A5114B219488CF60022B732 /* OAuthTest-Prefix.pch */ = {isa = PBXFileReference; lastKnownFileType = sourcecode.c.h; path = "OAuthTest-Prefix.pch"; sourceTree = "<group>"; };
		9A5114B419488CF60022B732 /* en */ = {isa = PBXFileReference; lastKnownFileType = text.rtf; name = en; path = en.lproj/Credits.rtf; sourceTree = "<group>"; };
		9A5114B619488CF60022B732 /* HSAppDelegate.h */ = {isa = PBXFileReference; lastKnownFileType = sourcecode.c.h; path = HSAppDelegate.h; sourceTree = "<group>"; };
		9A5114B719488CF60022B732 /* HSAppDelegate.m */ = {isa = PBXFileReference; lastKnownFileType = sourcecode.c.objc; path = HSAppDelegate.m; sourceTree = "<group>"; };
		9A5114BA19488CF60022B732 /* Base */ = {isa = PBXFileReference; lastKnownFileType = file.xib; name = Base; path = Base.lproj/MainMenu.xib; sourceTree = "<group>"; };
		9A5114BC19488CF60022B732 /* Images.xcassets */ = {isa = PBXFileReference; lastKnownFileType = folder.assetcatalog; path = Images.xcassets; sourceTree = "<group>"; };
		9A5114C219488CF60022B732 /* OAuthTestTests.xctest */ = {isa = PBXFileReference; explicitFileType = wrapper.cfbundle; includeInIndex = 0; path = OAuthTestTests.xctest; sourceTree = BUILT_PRODUCTS_DIR; };
		9A5114C319488CF60022B732 /* XCTest.framework */ = {isa = PBXFileReference; lastKnownFileType = wrapper.framework; name = XCTest.framework; path = Library/Frameworks/XCTest.framework; sourceTree = DEVELOPER_DIR; };
		9A5114CA19488CF60022B732 /* OAuthTestTests-Info.plist */ = {isa = PBXFileReference; lastKnownFileType = text.plist.xml; path = "OAuthTestTests-Info.plist"; sourceTree = "<group>"; };
		9A5114CC19488CF60022B732 /* en */ = {isa = PBXFileReference; lastKnownFileType = text.plist.strings; name = en; path = en.lproj/InfoPlist.strings; sourceTree = "<group>"; };
		9A5114CE19488CF60022B732 /* OAuthTestTests.m */ = {isa = PBXFileReference; lastKnownFileType = sourcecode.c.objc; path = OAuthTestTests.m; sourceTree = "<group>"; };
/* End PBXFileReference section */

/* Begin PBXFrameworksBuildPhase section */
		9A51149E19488CF60022B732 /* Frameworks */ = {
			isa = PBXFrameworksBuildPhase;
			buildActionMask = 2147483647;
			files = (
				9A5114A519488CF60022B732 /* Cocoa.framework in Frameworks */,
			);
			runOnlyForDeploymentPostprocessing = 0;
		};
		9A5114BF19488CF60022B732 /* Frameworks */ = {
			isa = PBXFrameworksBuildPhase;
			buildActionMask = 2147483647;
			files = (
				9A5114C519488CF60022B732 /* Cocoa.framework in Frameworks */,
				9A5114C419488CF60022B732 /* XCTest.framework in Frameworks */,
			);
			runOnlyForDeploymentPostprocessing = 0;
		};
/* End PBXFrameworksBuildPhase section */

/* Begin PBXGroup section */
		9A51149819488CF60022B732 = {
			isa = PBXGroup;
			children = (
				9A5114AA19488CF60022B732 /* OAuthTest */,
				9A5114C819488CF60022B732 /* OAuthTestTests */,
				9A5114A319488CF60022B732 /* Frameworks */,
				9A5114A219488CF60022B732 /* Products */,
			);
			sourceTree = "<group>";
		};
		9A5114A219488CF60022B732 /* Products */ = {
			isa = PBXGroup;
			children = (
				9A5114A119488CF60022B732 /* OAuthTest.app */,
				9A5114C219488CF60022B732 /* OAuthTestTests.xctest */,
			);
			name = Products;
			sourceTree = "<group>";
		};
		9A5114A319488CF60022B732 /* Frameworks */ = {
			isa = PBXGroup;
			children = (
				9A5114A419488CF60022B732 /* Cocoa.framework */,
				9A5114C319488CF60022B732 /* XCTest.framework */,
				9A5114A619488CF60022B732 /* Other Frameworks */,
			);
			name = Frameworks;
			sourceTree = "<group>";
		};
		9A5114A619488CF60022B732 /* Other Frameworks */ = {
			isa = PBXGroup;
			children = (
				9A5114A719488CF60022B732 /* AppKit.framework */,
				9A5114A819488CF60022B732 /* CoreData.framework */,
				9A5114A919488CF60022B732 /* Foundation.framework */,
			);
			name = "Other Frameworks";
			sourceTree = "<group>";
		};
		9A5114AA19488CF60022B732 /* OAuthTest */ = {
			isa = PBXGroup;
			children = (
				9A5114B619488CF60022B732 /* HSAppDelegate.h */,
				9A5114B719488CF60022B732 /* HSAppDelegate.m */,
				9A5114B919488CF60022B732 /* MainMenu.xib */,
				9A5114BC19488CF60022B732 /* Images.xcassets */,
				9A5114AB19488CF60022B732 /* Supporting Files */,
			);
			path = OAuthTest;
			sourceTree = "<group>";
		};
		9A5114AB19488CF60022B732 /* Supporting Files */ = {
			isa = PBXGroup;
			children = (
				9A5114AC19488CF60022B732 /* OAuthTest-Info.plist */,
				9A5114AD19488CF60022B732 /* InfoPlist.strings */,
				9A5114B019488CF60022B732 /* main.m */,
				9A5114B219488CF60022B732 /* OAuthTest-Prefix.pch */,
				9A5114B319488CF60022B732 /* Credits.rtf */,
			);
			name = "Supporting Files";
			sourceTree = "<group>";
		};
		9A5114C819488CF60022B732 /* OAuthTestTests */ = {
			isa = PBXGroup;
			children = (
				9A5114CE19488CF60022B732 /* OAuthTestTests.m */,
				9A5114C919488CF60022B732 /* Supporting Files */,
			);
			path = OAuthTestTests;
			sourceTree = "<group>";
		};
		9A5114C919488CF60022B732 /* Supporting Files */ = {
			isa = PBXGroup;
			children = (
				9A5114CA19488CF60022B732 /* OAuthTestTests-Info.plist */,
				9A5114CB19488CF60022B732 /* InfoPlist.strings */,
			);
			name = "Supporting Files";
			sourceTree = "<group>";
		};
/* End PBXGroup section */

/* Begin PBXNativeTarget section */
		9A5114A019488CF60022B732 /* OAuthTest */ = {
			isa = PBXNativeTarget;
			buildConfigurationList = 9A5114D219488CF60022B732 /* Build configuration list for PBXNativeTarget "OAuthTest" */;
			buildPhases = (
				9A51149D19488CF60022B732 /* Sources */,
				9A51149E19488CF60022B732 /* Frameworks */,
				9A51149F19488CF60022B732 /* Resources */,
			);
			buildRules = (
			);
			dependencies = (
			);
			name = OAuthTest;
			productName = OAuthTest;
			productReference = 9A5114A119488CF60022B732 /* OAuthTest.app */;
			productType = "com.apple.product-type.application";
		};
		9A5114C119488CF60022B732 /* OAuthTestTests */ = {
			isa = PBXNativeTarget;
			buildConfigurationList = 9A5114D519488CF60022B732 /* Build configuration list for PBXNativeTarget "OAuthTestTests" */;
			buildPhases = (
				9A5114BE19488CF60022B732 /* Sources */,
				9A5114BF19488CF60022B732 /* Frameworks */,
				9A5114C019488CF60022B732 /* Resources */,
			);
			buildRules = (
			);
			dependencies = (
				9A5114C719488CF60022B732 /* PBXTargetDependency */,
			);
			name = OAuthTestTests;
			productName = OAuthTestTests;
			productReference = 9A5114C219488CF60022B732 /* OAuthTestTests.xctest */;
			productType = "com.apple.product-type.bundle.unit-test";
		};
/* End PBXNativeTarget section */

/* Begin PBXProject section */
		9A51149919488CF60022B732 /* Project object */ = {
			isa = PBXProject;
			attributes = {
				CLASSPREFIX = HS;
				LastUpgradeCheck = 0510;
				ORGANIZATIONNAME = "Hubert SARRET";
				TargetAttributes = {
					9A5114C119488CF60022B732 = {
						TestTargetID = 9A5114A019488CF60022B732;
					};
				};
			};
			buildConfigurationList = 9A51149C19488CF60022B732 /* Build configuration list for PBXProject "OAuthTest" */;
			compatibilityVersion = "Xcode 3.2";
			developmentRegion = English;
			hasScannedForEncodings = 0;
			knownRegions = (
				en,
				Base,
			);
			mainGroup = 9A51149819488CF60022B732;
			productRefGroup = 9A5114A219488CF60022B732 /* Products */;
			projectDirPath = "";
			projectRoot = "";
			targets = (
				9A5114A019488CF60022B732 /* OAuthTest */,
				9A5114C119488CF60022B732 /* OAuthTestTests */,
			);
		};
/* End PBXProject section */

/* Begin PBXResourcesBuildPhase section */
		9A51149F19488CF60022B732 /* Resources */ = {
			isa = PBXResourcesBuildPhase;
			buildActionMask = 2147483647;
			files = (
				9A5114AF19488CF60022B732 /* InfoPlist.strings in Resources */,
				9A5114BD19488CF60022B732 /* Images.xcassets in Resources */,
				9A5114B519488CF60022B732 /* Credits.rtf in Resources */,
				9A5114BB19488CF60022B732 /* MainMenu.xib in Resources */,
			);
			runOnlyForDeploymentPostprocessing = 0;
		};
		9A5114C019488CF60022B732 /* Resources */ = {
			isa = PBXResourcesBuildPhase;
			buildActionMask = 2147483647;
			files = (
				9A5114CD19488CF60022B732 /* InfoPlist.strings in Resources */,
			);
			runOnlyForDeploymentPostprocessing = 0;
		};
/* End PBXResourcesBuildPhase section */

/* Begin PBXSourcesBuildPhase section */
		9A51149D19488CF60022B732 /* Sources */ = {
			isa = PBXSourcesBuildPhase;
			buildActionMask = 2147483647;
			files = (
				9A5114B119488CF60022B732 /* main.m in Sources */,
				9A5114B819488CF60022B732 /* HSAppDelegate.m in Sources */,
			);
			runOnlyForDeploymentPostprocessing = 0;
		};
		9A5114BE19488CF60022B732 /* Sources */ = {
			isa = PBXSourcesBuildPhase;
			buildActionMask = 2147483647;
			files = (
				9A5114CF19488CF60022B732 /* OAuthTestTests.m in Sources */,
			);
			runOnlyForDeploymentPostprocessing = 0;
		};
/* End PBXSourcesBuildPhase section */

/* Begin PBXTargetDependency section */
		9A5114C719488CF60022B732 /* PBXTargetDependency */ = {
			isa = PBXTargetDependency;
			target = 9A5114A019488CF60022B732 /* OAuthTest */;
			targetProxy = 9A5114C619488CF60022B732 /* PBXContainerItemProxy */;
		};
/* End PBXTargetDependency section */

/* Begin PBXVariantGroup section */
		9A5114AD19488CF60022B732 /* InfoPlist.strings */ = {
			isa = PBXVariantGroup;
			children = (
				9A5114AE19488CF60022B732 /* en */,
			);
			name = InfoPlist.strings;
			sourceTree = "<group>";
		};
		9A5114B319488CF60022B732 /* Credits.rtf */ = {
			isa = PBXVariantGroup;
			children = (
				9A5114B419488CF60022B732 /* en */,
			);
			name = Credits.rtf;
			sourceTree = "<group>";
		};
		9A5114B919488CF60022B732 /* MainMenu.xib */ = {
			isa = PBXVariantGroup;
			children = (
				9A5114BA19488CF60022B732 /* Base */,
			);
			name = MainMenu.xib;
			sourceTree = "<group>";
		};
		9A5114CB19488CF60022B732 /* InfoPlist.strings */ = {
			isa = PBXVariantGroup;
			children = (
				9A5114CC19488CF60022B732 /* en */,
			);
			name = InfoPlist.strings;
			sourceTree = "<group>";
		};
/* End PBXVariantGroup section */

/* Begin XCBuildConfiguration section */
		9A5114D019488CF60022B732 /* Debug */ = {
			isa = XCBuildConfiguration;
			buildSettings = {
				ALWAYS_SEARCH_USER_PATHS = NO;
				CLANG_CXX_LANGUAGE_STANDARD = "gnu++0x";
				CLANG_CXX_LIBRARY = "libc++";
				CLANG_ENABLE_MODULES = YES;
				CLANG_ENABLE_OBJC_ARC = YES;
				CLANG_WARN_BOOL_CONVERSION = YES;
				CLANG_WARN_CONSTANT_CONVERSION = YES;
				CLANG_WARN_DIRECT_OBJC_ISA_USAGE = YES_ERROR;
				CLANG_WARN_EMPTY_BODY = YES;
				CLANG_WARN_ENUM_CONVERSION = YES;
				CLANG_WARN_INT_CONVERSION = YES;
				CLANG_WARN_OBJC_ROOT_CLASS = YES_ERROR;
				CLANG_WARN__DUPLICATE_METHOD_MATCH = YES;
				COPY_PHASE_STRIP = NO;
				GCC_C_LANGUAGE_STANDARD = gnu99;
				GCC_DYNAMIC_NO_PIC = NO;
				GCC_ENABLE_OBJC_EXCEPTIONS = YES;
				GCC_OPTIMIZATION_LEVEL = 0;
				GCC_PREPROCESSOR_DEFINITIONS = (
					"DEBUG=1",
					"$(inherited)",
				);
				GCC_SYMBOLS_PRIVATE_EXTERN = NO;
				GCC_WARN_64_TO_32_BIT_CONVERSION = YES;
				GCC_WARN_ABOUT_RETURN_TYPE = YES_ERROR;
				GCC_WARN_UNDECLARED_SELECTOR = YES;
				GCC_WARN_UNINITIALIZED_AUTOS = YES_AGGRESSIVE;
				GCC_WARN_UNUSED_FUNCTION = YES;
				GCC_WARN_UNUSED_VARIABLE = YES;
				MACOSX_DEPLOYMENT_TARGET = 10.9;
				ONLY_ACTIVE_ARCH = YES;
				SDKROOT = macosx;
			};
			name = Debug;
		};
		9A5114D119488CF60022B732 /* Release */ = {
			isa = XCBuildConfiguration;
			buildSettings = {
				ALWAYS_SEARCH_USER_PATHS = NO;
				CLANG_CXX_LANGUAGE_STANDARD = "gnu++0x";
				CLANG_CXX_LIBRARY = "libc++";
				CLANG_ENABLE_MODULES = YES;
				CLANG_ENABLE_OBJC_ARC = YES;
				CLANG_WARN_BOOL_CONVERSION = YES;
				CLANG_WARN_CONSTANT_CONVERSION = YES;
				CLANG_WARN_DIRECT_OBJC_ISA_USAGE = YES_ERROR;
				CLANG_WARN_EMPTY_BODY = YES;
				CLANG_WARN_ENUM_CONVERSION = YES;
				CLANG_WARN_INT_CONVERSION = YES;
				CLANG_WARN_OBJC_ROOT_CLASS = YES_ERROR;
				CLANG_WARN__DUPLICATE_METHOD_MATCH = YES;
				COPY_PHASE_STRIP = YES;
				DEBUG_INFORMATION_FORMAT = "dwarf-with-dsym";
				ENABLE_NS_ASSERTIONS = NO;
				GCC_C_LANGUAGE_STANDARD = gnu99;
				GCC_ENABLE_OBJC_EXCEPTIONS = YES;
				GCC_WARN_64_TO_32_BIT_CONVERSION = YES;
				GCC_WARN_ABOUT_RETURN_TYPE = YES_ERROR;
				GCC_WARN_UNDECLARED_SELECTOR = YES;
				GCC_WARN_UNINITIALIZED_AUTOS = YES_AGGRESSIVE;
				GCC_WARN_UNUSED_FUNCTION = YES;
				GCC_WARN_UNUSED_VARIABLE = YES;
				MACOSX_DEPLOYMENT_TARGET = 10.9;
				SDKROOT = macosx;
			};
			name = Release;
		};
		9A5114D319488CF60022B732 /* Debug */ = {
			isa = XCBuildConfiguration;
			buildSettings = {
				ASSETCATALOG_COMPILER_APPICON_NAME = AppIcon;
				COMBINE_HIDPI_IMAGES = YES;
				GCC_PRECOMPILE_PREFIX_HEADER = YES;
				GCC_PREFIX_HEADER = "OAuthTest/OAuthTest-Prefix.pch";
				INFOPLIST_FILE = "OAuthTest/OAuthTest-Info.plist";
				PRODUCT_NAME = "$(TARGET_NAME)";
				WRAPPER_EXTENSION = app;
			};
			name = Debug;
		};
		9A5114D419488CF60022B732 /* Release */ = {
			isa = XCBuildConfiguration;
			buildSettings = {
				ASSETCATALOG_COMPILER_APPICON_NAME = AppIcon;
				COMBINE_HIDPI_IMAGES = YES;
				GCC_PRECOMPILE_PREFIX_HEADER = YES;
				GCC_PREFIX_HEADER = "OAuthTest/OAuthTest-Prefix.pch";
				INFOPLIST_FILE = "OAuthTest/OAuthTest-Info.plist";
				PRODUCT_NAME = "$(TARGET_NAME)";
				WRAPPER_EXTENSION = app;
			};
			name = Release;
		};
		9A5114D619488CF60022B732 /* Debug */ = {
			isa = XCBuildConfiguration;
			buildSettings = {
				BUNDLE_LOADER = "$(BUILT_PRODUCTS_DIR)/OAuthTest.app/Contents/MacOS/OAuthTest";
				COMBINE_HIDPI_IMAGES = YES;
				FRAMEWORK_SEARCH_PATHS = (
					"$(DEVELOPER_FRAMEWORKS_DIR)",
					"$(inherited)",
				);
				GCC_PRECOMPILE_PREFIX_HEADER = YES;
				GCC_PREFIX_HEADER = "OAuthTest/OAuthTest-Prefix.pch";
				GCC_PREPROCESSOR_DEFINITIONS = (
					"DEBUG=1",
					"$(inherited)",
				);
				INFOPLIST_FILE = "OAuthTestTests/OAuthTestTests-Info.plist";
				PRODUCT_NAME = "$(TARGET_NAME)";
				TEST_HOST = "$(BUNDLE_LOADER)";
				WRAPPER_EXTENSION = xctest;
			};
			name = Debug;
		};
		9A5114D719488CF60022B732 /* Release */ = {
			isa = XCBuildConfiguration;
			buildSettings = {
				BUNDLE_LOADER = "$(BUILT_PRODUCTS_DIR)/OAuthTest.app/Contents/MacOS/OAuthTest";
				COMBINE_HIDPI_IMAGES = YES;
				FRAMEWORK_SEARCH_PATHS = (
					"$(DEVELOPER_FRAMEWORKS_DIR)",
					"$(inherited)",
				);
				GCC_PRECOMPILE_PREFIX_HEADER = YES;
				GCC_PREFIX_HEADER = "OAuthTest/OAuthTest-Prefix.pch";
				INFOPLIST_FILE = "OAuthTestTests/OAuthTestTests-Info.plist";
				PRODUCT_NAME = "$(TARGET_NAME)";
				TEST_HOST = "$(BUNDLE_LOADER)";
				WRAPPER_EXTENSION = xctest;
			};
			name = Release;
		};
/* End XCBuildConfiguration section */

/* Begin XCConfigurationList section */
		9A51149C19488CF60022B732 /* Build configuration list for PBXProject "OAuthTest" */ = {
			isa = XCConfigurationList;
			buildConfigurations = (
				9A5114D019488CF60022B732 /* Debug */,
				9A5114D119488CF60022B732 /* Release */,
			);
			defaultConfigurationIsVisible = 0;
			defaultConfigurationName = Release;
		};
		9A5114D219488CF60022B732 /* Build configuration list for PBXNativeTarget "OAuthTest" */ = {
			isa = XCConfigurationList;
			buildConfigurations = (
				9A5114D319488CF60022B732 /* Debug */,
				9A5114D419488CF60022B732 /* Release */,
			);
			defaultConfigurationIsVisible = 0;
		};
		9A5114D519488CF60022B732 /* Build configuration list for PBXNativeTarget "OAuthTestTests" */ = {
			isa = XCConfigurationList;
			buildConfigurations = (
				9A5114D619488CF60022B732 /* Debug */,
				9A5114D719488CF60022B732 /* Release */,
			);
			defaultConfigurationIsVisible = 0;
		};
/* End XCConfigurationList section */
	};
	rootObject = 9A51149919488CF60022B732 /* Project object */;
}
